{
    "version": 3,
    "terraform_version": "0.11.2",
    "serial": 20,
    "lineage": "2bab9e08-7a07-40e8-beca-a827f6549b95",
    "modules": [
        {
            "path": [
                "root"
            ],
            "outputs": {},
            "resources": {
                "azurerm_managed_disk.terraform_rg": {
                    "type": "azurerm_managed_disk",
                    "depends_on": [
                        "azurerm_resource_group.terraform_rg"
                    ],
                    "primary": {
                        "id": "/subscriptions/b020f6f2-84f6-4236-ae5e-7c8da7cf2c7c/resourceGroups/terraform_WeiLun/providers/Microsoft.Compute/disks/terraform_datadisk_existing",
                        "attributes": {
                            "create_option": "Empty",
                            "disk_size_gb": "260",
                            "id": "/subscriptions/b020f6f2-84f6-4236-ae5e-7c8da7cf2c7c/resourceGroups/terraform_WeiLun/providers/Microsoft.Compute/disks/terraform_datadisk_existing",
                            "location": "southeastasia",
                            "name": "terraform_datadisk_existing",
                            "resource_group_name": "terraform_WeiLun",
                            "storage_account_type": "Premium_LRS",
                            "tags.%": "0"
                        },
                        "meta": {},
                        "tainted": false
                    },
                    "deposed": [],
                    "provider": "provider.azurerm"
                },
                "azurerm_network_interface.terraform_rg": {
                    "type": "azurerm_network_interface",
                    "depends_on": [
                        "azurerm_network_security_group.terraform_rg",
                        "azurerm_public_ip.terraform_rg",
                        "azurerm_resource_group.terraform_rg",
                        "azurerm_subnet.terraform_rg"
                    ],
                    "primary": {
                        "id": "/subscriptions/b020f6f2-84f6-4236-ae5e-7c8da7cf2c7c/resourceGroups/terraform_WeiLun/providers/Microsoft.Network/networkInterfaces/terraform_net_interface",
                        "attributes": {
                            "applied_dns_servers.#": "0",
                            "dns_servers.#": "0",
                            "enable_accelerated_networking": "false",
                            "enable_ip_forwarding": "false",
                            "id": "/subscriptions/b020f6f2-84f6-4236-ae5e-7c8da7cf2c7c/resourceGroups/terraform_WeiLun/providers/Microsoft.Network/networkInterfaces/terraform_net_interface",
                            "internal_dns_name_label": "",
                            "ip_configuration.#": "1",
                            "ip_configuration.0.load_balancer_backend_address_pools_ids.#": "0",
                            "ip_configuration.0.load_balancer_inbound_nat_rules_ids.#": "0",
                            "ip_configuration.0.name": "terraform_ip_conf",
                            "ip_configuration.0.primary": "true",
                            "ip_configuration.0.private_ip_address": "",
                            "ip_configuration.0.private_ip_address_allocation": "dynamic",
                            "ip_configuration.0.public_ip_address_id": "/subscriptions/b020f6f2-84f6-4236-ae5e-7c8da7cf2c7c/resourceGroups/terraform_WeiLun/providers/Microsoft.Network/publicIPAddresses/terraform-ip",
                            "ip_configuration.0.subnet_id": "/subscriptions/b020f6f2-84f6-4236-ae5e-7c8da7cf2c7c/resourceGroups/terraform_WeiLun/providers/Microsoft.Network/virtualNetworks/terraform-network/subnets/terraform_subnet",
                            "location": "southeastasia",
                            "mac_address": "00-0D-3A-A0-B5-74",
                            "name": "terraform_net_interface",
                            "network_security_group_id": "/subscriptions/b020f6f2-84f6-4236-ae5e-7c8da7cf2c7c/resourceGroups/terraform_WeiLun/providers/Microsoft.Network/networkSecurityGroups/terraform_security_group",
                            "private_ip_address": "10.0.0.4",
                            "private_ip_addresses.#": "1",
                            "private_ip_addresses.0": "10.0.0.4",
                            "resource_group_name": "terraform_WeiLun",
                            "tags.%": "0",
                            "virtual_machine_id": "/subscriptions/b020f6f2-84f6-4236-ae5e-7c8da7cf2c7c/resourceGroups/terraform_WeiLun/providers/Microsoft.Compute/virtualMachines/terraform_vm"
                        },
                        "meta": {},
                        "tainted": false
                    },
                    "deposed": [],
                    "provider": "provider.azurerm"
                },
                "azurerm_network_security_group.terraform_rg": {
                    "type": "azurerm_network_security_group",
                    "depends_on": [
                        "azurerm_resource_group.terraform_rg"
                    ],
                    "primary": {
                        "id": "/subscriptions/b020f6f2-84f6-4236-ae5e-7c8da7cf2c7c/resourceGroups/terraform_WeiLun/providers/Microsoft.Network/networkSecurityGroups/terraform_security_group",
                        "attributes": {
                            "id": "/subscriptions/b020f6f2-84f6-4236-ae5e-7c8da7cf2c7c/resourceGroups/terraform_WeiLun/providers/Microsoft.Network/networkSecurityGroups/terraform_security_group",
                            "location": "southeastasia",
                            "name": "terraform_security_group",
                            "resource_group_name": "terraform_WeiLun",
                            "security_rule.#": "2",
                            "security_rule.0.access": "Allow",
                            "security_rule.0.description": "",
                            "security_rule.0.destination_address_prefix": "*",
                            "security_rule.0.destination_port_range": "22",
                            "security_rule.0.direction": "Inbound",
                            "security_rule.0.name": "default-ssh",
                            "security_rule.0.priority": "100",
                            "security_rule.0.protocol": "Tcp",
                            "security_rule.0.source_address_prefix": "*",
                            "security_rule.0.source_port_range": "*",
                            "security_rule.1.access": "Allow",
                            "security_rule.1.description": "",
                            "security_rule.1.destination_address_prefix": "*",
                            "security_rule.1.destination_port_range": "1194",
                            "security_rule.1.direction": "Inbound",
                            "security_rule.1.name": "openVPN",
                            "security_rule.1.priority": "1000",
                            "security_rule.1.protocol": "Udp",
                            "security_rule.1.source_address_prefix": "*",
                            "security_rule.1.source_port_range": "*",
                            "tags.%": "1",
                            "tags.environment": "staging"
                        },
                        "meta": {},
                        "tainted": false
                    },
                    "deposed": [],
                    "provider": "provider.azurerm"
                },
                "azurerm_public_ip.terraform_rg": {
                    "type": "azurerm_public_ip",
                    "depends_on": [
                        "azurerm_resource_group.terraform_rg"
                    ],
                    "primary": {
                        "id": "/subscriptions/b020f6f2-84f6-4236-ae5e-7c8da7cf2c7c/resourceGroups/terraform_WeiLun/providers/Microsoft.Network/publicIPAddresses/terraform-ip",
                        "attributes": {
                            "domain_name_label": "terraform-dn",
                            "fqdn": "terraform-dn.southeastasia.cloudapp.azure.com",
                            "id": "/subscriptions/b020f6f2-84f6-4236-ae5e-7c8da7cf2c7c/resourceGroups/terraform_WeiLun/providers/Microsoft.Network/publicIPAddresses/terraform-ip",
                            "idle_timeout_in_minutes": "30",
                            "ip_address": "52.187.12.107",
                            "location": "southeastasia",
                            "name": "terraform-ip",
                            "public_ip_address_allocation": "dynamic",
                            "resource_group_name": "terraform_WeiLun",
                            "tags.%": "1",
                            "tags.environment": "staging"
                        },
                        "meta": {},
                        "tainted": false
                    },
                    "deposed": [],
                    "provider": "provider.azurerm"
                },
                "azurerm_resource_group.terraform_rg": {
                    "type": "azurerm_resource_group",
                    "depends_on": [],
                    "primary": {
                        "id": "/subscriptions/b020f6f2-84f6-4236-ae5e-7c8da7cf2c7c/resourceGroups/terraform_WeiLun",
                        "attributes": {
                            "id": "/subscriptions/b020f6f2-84f6-4236-ae5e-7c8da7cf2c7c/resourceGroups/terraform_WeiLun",
                            "location": "southeastasia",
                            "name": "terraform_WeiLun",
                            "tags.%": "0"
                        },
                        "meta": {},
                        "tainted": false
                    },
                    "deposed": [],
                    "provider": "provider.azurerm"
                },
                "azurerm_subnet.terraform_rg": {
                    "type": "azurerm_subnet",
                    "depends_on": [
                        "azurerm_resource_group.terraform_rg",
                        "azurerm_virtual_network.terraform_rg"
                    ],
                    "primary": {
                        "id": "/subscriptions/b020f6f2-84f6-4236-ae5e-7c8da7cf2c7c/resourceGroups/terraform_WeiLun/providers/Microsoft.Network/virtualNetworks/terraform-network/subnets/terraform_subnet",
                        "attributes": {
                            "address_prefix": "10.0.0.0/24",
                            "id": "/subscriptions/b020f6f2-84f6-4236-ae5e-7c8da7cf2c7c/resourceGroups/terraform_WeiLun/providers/Microsoft.Network/virtualNetworks/terraform-network/subnets/terraform_subnet",
                            "ip_configurations.#": "1",
                            "ip_configurations.2672770450": "/subscriptions/b020f6f2-84f6-4236-ae5e-7c8da7cf2c7c/resourceGroups/terraform_WeiLun/providers/Microsoft.Network/networkInterfaces/terraform_net_interface/ipConfigurations/terraform_ip_conf",
                            "name": "terraform_subnet",
                            "resource_group_name": "terraform_WeiLun",
                            "virtual_network_name": "terraform-network"
                        },
                        "meta": {},
                        "tainted": false
                    },
                    "deposed": [],
                    "provider": "provider.azurerm"
                },
                "azurerm_virtual_machine.terraform_rg": {
                    "type": "azurerm_virtual_machine",
                    "depends_on": [
                        "azurerm_managed_disk.terraform_rg",
                        "azurerm_network_interface.terraform_rg",
                        "azurerm_resource_group.terraform_rg"
                    ],
                    "primary": {
                        "id": "/subscriptions/b020f6f2-84f6-4236-ae5e-7c8da7cf2c7c/resourceGroups/terraform_WeiLun/providers/Microsoft.Compute/virtualMachines/terraform_vm",
                        "attributes": {
                            "delete_data_disks_on_termination": "false",
                            "delete_os_disk_on_termination": "false",
                            "id": "/subscriptions/b020f6f2-84f6-4236-ae5e-7c8da7cf2c7c/resourceGroups/terraform_WeiLun/providers/Microsoft.Compute/virtualMachines/terraform_vm",
                            "identity.#": "0",
                            "location": "southeastasia",
                            "name": "terraform_vm",
                            "network_interface_ids.#": "1",
                            "network_interface_ids.0": "/subscriptions/b020f6f2-84f6-4236-ae5e-7c8da7cf2c7c/resourceGroups/terraform_WeiLun/providers/Microsoft.Network/networkInterfaces/terraform_net_interface",
                            "os_profile.#": "1",
                            "os_profile.3436273919.admin_password": "",
                            "os_profile.3436273919.admin_username": "alis",
                            "os_profile.3436273919.computer_name": "terraform-alis",
                            "os_profile.3436273919.custom_data": "",
                            "os_profile_linux_config.#": "1",
                            "os_profile_linux_config.69840937.disable_password_authentication": "true",
                            "os_profile_linux_config.69840937.ssh_keys.#": "1",
                            "os_profile_linux_config.69840937.ssh_keys.0.key_data": "ssh-rsa AAAAB3NzaC1yc2EAAAADAQABAAABAQCvp69O0EM/tj1hDt6hg+RUBAYiZUMJvcYattHpXTyXJGlu0X8lRF/IBoR/InrFpDJcsxSXjK2cWTaqRnw7Dko5amYvk7P94o47G7BjZFaREq7IIpRyU0bhIP5DHChXAQJKhmvWkvocuj9CXF5m01BLrYCdQShc0PWPRGkE9y+bdyAxLYcDn1vJkI5lKuzaBMZWX0/uN7SmDAuDq0EMGFFFsytUI/U/2uZxUFuHS6M34qC3WqjmK1JONbBH7BU1c1YLk/nQ7zSMw/Y2rHpCMDZUB6580YlcSLVECULoXbiULb/HFZQuUmuRoOAOidhbo2iq6iAincvv1Olr0PnDrfp3 ubuntu@ubuntu-xenial\n",
                            "os_profile_linux_config.69840937.ssh_keys.0.path": "/home/alis/.ssh/authorized_keys",
                            "os_profile_secrets.#": "0",
                            "resource_group_name": "terraform_WeiLun",
                            "storage_data_disk.#": "1",
                            "storage_data_disk.0.caching": "None",
                            "storage_data_disk.0.create_option": "Attach",
                            "storage_data_disk.0.disk_size_gb": "260",
                            "storage_data_disk.0.lun": "0",
                            "storage_data_disk.0.managed_disk_id": "/subscriptions/b020f6f2-84f6-4236-ae5e-7c8da7cf2c7c/resourceGroups/terraform_WeiLun/providers/Microsoft.Compute/disks/terraform_datadisk_existing",
                            "storage_data_disk.0.managed_disk_type": "Premium_LRS",
                            "storage_data_disk.0.name": "terraform_datadisk_existing",
                            "storage_data_disk.0.vhd_uri": "",
                            "storage_image_reference.#": "1",
                            "storage_image_reference.1458860473.id": "",
                            "storage_image_reference.1458860473.offer": "UbuntuServer",
                            "storage_image_reference.1458860473.publisher": "Canonical",
                            "storage_image_reference.1458860473.sku": "16.04-LTS",
                            "storage_image_reference.1458860473.version": "latest",
                            "storage_os_disk.#": "1",
                            "storage_os_disk.0.caching": "ReadWrite",
                            "storage_os_disk.0.create_option": "FromImage",
                            "storage_os_disk.0.disk_size_gb": "30",
                            "storage_os_disk.0.image_uri": "",
                            "storage_os_disk.0.managed_disk_id": "/subscriptions/b020f6f2-84f6-4236-ae5e-7c8da7cf2c7c/resourceGroups/terraform_WeiLun/providers/Microsoft.Compute/disks/terraform-os-disk",
                            "storage_os_disk.0.managed_disk_type": "Premium_LRS",
                            "storage_os_disk.0.name": "terraform-os-disk",
                            "storage_os_disk.0.os_type": "Linux",
                            "storage_os_disk.0.vhd_uri": "",
                            "tags.%": "1",
                            "tags.environment": "staging",
                            "vm_size": "Standard_DS1_v2"
                        },
                        "meta": {},
                        "tainted": false
                    },
                    "deposed": [],
                    "provider": "provider.azurerm"
                },
                "azurerm_virtual_network.terraform_rg": {
                    "type": "azurerm_virtual_network",
                    "depends_on": [
                        "azurerm_resource_group.terraform_rg"
                    ],
                    "primary": {
                        "id": "/subscriptions/b020f6f2-84f6-4236-ae5e-7c8da7cf2c7c/resourceGroups/terraform_WeiLun/providers/Microsoft.Network/virtualNetworks/terraform-network",
                        "attributes": {
                            "address_space.#": "1",
                            "address_space.0": "10.0.0.0/16",
                            "dns_servers.#": "0",
                            "id": "/subscriptions/b020f6f2-84f6-4236-ae5e-7c8da7cf2c7c/resourceGroups/terraform_WeiLun/providers/Microsoft.Network/virtualNetworks/terraform-network",
                            "location": "southeastasia",
                            "name": "terraform-network",
                            "resource_group_name": "terraform_WeiLun",
                            "subnet.#": "1",
                            "subnet.393224328.address_prefix": "10.0.0.0/24",
                            "subnet.393224328.name": "terraform_subnet",
                            "subnet.393224328.security_group": "",
                            "tags.%": "0"
                        },
                        "meta": {},
                        "tainted": false
                    },
                    "deposed": [],
                    "provider": "provider.azurerm"
                }
            },
            "depends_on": []
        }
    ]
}
